// !$*UTF8*$!
{
	archiveVersion = 1;
	classes = {
	};
	objectVersion = 56;
	objects = {

/* Begin PBXBuildFile section */
		AE2166D22B48A41D0018E860 /* Game_LoungeApp.swift in Sources */ = {isa = PBXBuildFile; fileRef = AE2166D12B48A41D0018E860 /* Game_LoungeApp.swift */; };
		AE2166D42B48A41D0018E860 /* ContentView.swift in Sources */ = {isa = PBXBuildFile; fileRef = AE2166D32B48A41D0018E860 /* ContentView.swift */; };
		AE2166D82B48A41F0018E860 /* Assets.xcassets in Resources */ = {isa = PBXBuildFile; fileRef = AE2166D72B48A41F0018E860 /* Assets.xcassets */; };
		AE2166DB2B48A41F0018E860 /* Preview Assets.xcassets in Resources */ = {isa = PBXBuildFile; fileRef = AE2166DA2B48A41F0018E860 /* Preview Assets.xcassets */; };
		AE2167002B48C43C0018E860 /* LoungeView.swift in Sources */ = {isa = PBXBuildFile; fileRef = AE2166FF2B48C43C0018E860 /* LoungeView.swift */; };
		AE2167022B48C4910018E860 /* CommonFunctions.swift in Sources */ = {isa = PBXBuildFile; fileRef = AE2167012B48C4910018E860 /* CommonFunctions.swift */; };
		AE562FE52B7720FA00EB9D3B /* TranslationLayersView.swift in Sources */ = {isa = PBXBuildFile; fileRef = AE562FE42B7720FA00EB9D3B /* TranslationLayersView.swift */; };
		AE9830BC2B65FE30004DDF53 /* LibraryView.swift in Sources */ = {isa = PBXBuildFile; fileRef = AE9830BB2B65FE30004DDF53 /* LibraryView.swift */; };
		AEB2732F2B66A40B00B680EB /* Game.swift in Sources */ = {isa = PBXBuildFile; fileRef = AEB2732D2B66A40B00B680EB /* Game.swift */; };
		AEB3FEE22B686D4E00BAD2FB /* GameCard.swift in Sources */ = {isa = PBXBuildFile; fileRef = AEB3FEE12B686D4E00BAD2FB /* GameCard.swift */; };
		AEDB62412B59BD0800E2DFD7 /* SettingsView.swift in Sources */ = {isa = PBXBuildFile; fileRef = AEDB62402B59BD0800E2DFD7 /* SettingsView.swift */; };
/* End PBXBuildFile section */

/* Begin PBXFileReference section */
		AE2166CE2B48A41D0018E860 /* Game Lounge.app */ = {isa = PBXFileReference; explicitFileType = wrapper.application; includeInIndex = 0; path = "Game Lounge.app"; sourceTree = BUILT_PRODUCTS_DIR; };
		AE2166D12B48A41D0018E860 /* Game_LoungeApp.swift */ = {isa = PBXFileReference; lastKnownFileType = sourcecode.swift; path = Game_LoungeApp.swift; sourceTree = "<group>"; };
		AE2166D32B48A41D0018E860 /* ContentView.swift */ = {isa = PBXFileReference; lastKnownFileType = sourcecode.swift; path = ContentView.swift; sourceTree = "<group>"; };
		AE2166D72B48A41F0018E860 /* Assets.xcassets */ = {isa = PBXFileReference; lastKnownFileType = folder.assetcatalog; path = Assets.xcassets; sourceTree = "<group>"; };
		AE2166DA2B48A41F0018E860 /* Preview Assets.xcassets */ = {isa = PBXFileReference; lastKnownFileType = folder.assetcatalog; path = "Preview Assets.xcassets"; sourceTree = "<group>"; };
		AE2166DC2B48A41F0018E860 /* Game_Lounge.entitlements */ = {isa = PBXFileReference; lastKnownFileType = text.plist.entitlements; path = Game_Lounge.entitlements; sourceTree = "<group>"; };
		AE2166FF2B48C43C0018E860 /* LoungeView.swift */ = {isa = PBXFileReference; lastKnownFileType = sourcecode.swift; path = LoungeView.swift; sourceTree = "<group>"; };
		AE2167012B48C4910018E860 /* CommonFunctions.swift */ = {isa = PBXFileReference; lastKnownFileType = sourcecode.swift; path = CommonFunctions.swift; sourceTree = "<group>"; };
		AE562FE42B7720FA00EB9D3B /* TranslationLayersView.swift */ = {isa = PBXFileReference; lastKnownFileType = sourcecode.swift; path = TranslationLayersView.swift; sourceTree = "<group>"; };
		AE9830BB2B65FE30004DDF53 /* LibraryView.swift */ = {isa = PBXFileReference; fileEncoding = 4; lastKnownFileType = sourcecode.swift; path = LibraryView.swift; sourceTree = "<group>"; };
		AEB2732D2B66A40B00B680EB /* Game.swift */ = {isa = PBXFileReference; fileEncoding = 4; lastKnownFileType = sourcecode.swift; path = Game.swift; sourceTree = "<group>"; };
		AEB3FEE12B686D4E00BAD2FB /* GameCard.swift */ = {isa = PBXFileReference; lastKnownFileType = sourcecode.swift; path = GameCard.swift; sourceTree = "<group>"; };
		AEDB62402B59BD0800E2DFD7 /* SettingsView.swift */ = {isa = PBXFileReference; lastKnownFileType = sourcecode.swift; path = SettingsView.swift; sourceTree = "<group>"; };
/* End PBXFileReference section */

/* Begin PBXFrameworksBuildPhase section */
		AE2166CB2B48A41D0018E860 /* Frameworks */ = {
			isa = PBXFrameworksBuildPhase;
			buildActionMask = 2147483647;
			files = (
			);
			runOnlyForDeploymentPostprocessing = 0;
		};
/* End PBXFrameworksBuildPhase section */

/* Begin PBXGroup section */
		AE2166C52B48A41D0018E860 = {
			isa = PBXGroup;
			children = (
				AE2166D02B48A41D0018E860 /* Game Lounge */,
				AE2166CF2B48A41D0018E860 /* Products */,
			);
			sourceTree = "<group>";
		};
		AE2166CF2B48A41D0018E860 /* Products */ = {
			isa = PBXGroup;
			children = (
				AE2166CE2B48A41D0018E860 /* Game Lounge.app */,
			);
			name = Products;
			sourceTree = "<group>";
		};
		AE2166D02B48A41D0018E860 /* Game Lounge */ = {
			isa = PBXGroup;
			children = (
				AE2166D12B48A41D0018E860 /* Game_LoungeApp.swift */,
				AEDB62402B59BD0800E2DFD7 /* SettingsView.swift */,
				AE2167012B48C4910018E860 /* CommonFunctions.swift */,
				AEB3FEE12B686D4E00BAD2FB /* GameCard.swift */,
				AEB2732E2B66A40B00B680EB /* Data Models */,
				AE2166FE2B48C2FF0018E860 /* Views */,
				AE2166D72B48A41F0018E860 /* Assets.xcassets */,
				AE2166DC2B48A41F0018E860 /* Game_Lounge.entitlements */,
				AE2166D92B48A41F0018E860 /* Preview Content */,
			);
			path = "Game Lounge";
			sourceTree = "<group>";
		};
		AE2166D92B48A41F0018E860 /* Preview Content */ = {
			isa = PBXGroup;
			children = (
				AE2166DA2B48A41F0018E860 /* Preview Assets.xcassets */,
			);
			path = "Preview Content";
			sourceTree = "<group>";
		};
		AE2166FE2B48C2FF0018E860 /* Views */ = {
			isa = PBXGroup;
			children = (
				AE2166D32B48A41D0018E860 /* ContentView.swift */,
				AE9830BB2B65FE30004DDF53 /* LibraryView.swift */,
				AE2166FF2B48C43C0018E860 /* LoungeView.swift */,
				AE562FE42B7720FA00EB9D3B /* TranslationLayersView.swift */,
			);
			path = Views;
			sourceTree = "<group>";
		};
		AEB2732E2B66A40B00B680EB /* Data Models */ = {
			isa = PBXGroup;
			children = (
				AEB2732D2B66A40B00B680EB /* Game.swift */,
			);
			name = "Data Models";
			path = "Game Lounge/Data Models";
			sourceTree = SOURCE_ROOT;
		};
/* End PBXGroup section */

/* Begin PBXNativeTarget section */
		AE2166CD2B48A41D0018E860 /* Game Lounge */ = {
			isa = PBXNativeTarget;
			buildConfigurationList = AE2166F52B48A41F0018E860 /* Build configuration list for PBXNativeTarget "Game Lounge" */;
			buildPhases = (
				AE2166CA2B48A41D0018E860 /* Sources */,
				AE2166CB2B48A41D0018E860 /* Frameworks */,
				AE2166CC2B48A41D0018E860 /* Resources */,
			);
			buildRules = (
			);
			dependencies = (
			);
			name = "Game Lounge";
			productName = "Game Lounge";
			productReference = AE2166CE2B48A41D0018E860 /* Game Lounge.app */;
			productType = "com.apple.product-type.application";
		};
/* End PBXNativeTarget section */

/* Begin PBXProject section */
		AE2166C62B48A41D0018E860 /* Project object */ = {
			isa = PBXProject;
			attributes = {
				BuildIndependentTargetsInParallel = 1;
				LastSwiftUpdateCheck = 1520;
				LastUpgradeCheck = 1530;
				TargetAttributes = {
					AE2166CD2B48A41D0018E860 = {
						CreatedOnToolsVersion = 15.2;
					};
				};
			};
			buildConfigurationList = AE2166C92B48A41D0018E860 /* Build configuration list for PBXProject "Game Lounge" */;
			compatibilityVersion = "Xcode 14.0";
			developmentRegion = en;
			hasScannedForEncodings = 0;
			knownRegions = (
				en,
				Base,
			);
			mainGroup = AE2166C52B48A41D0018E860;
			productRefGroup = AE2166CF2B48A41D0018E860 /* Products */;
			projectDirPath = "";
			projectRoot = "";
			targets = (
				AE2166CD2B48A41D0018E860 /* Game Lounge */,
			);
		};
/* End PBXProject section */

/* Begin PBXResourcesBuildPhase section */
		AE2166CC2B48A41D0018E860 /* Resources */ = {
			isa = PBXResourcesBuildPhase;
			buildActionMask = 2147483647;
			files = (
				AE2166DB2B48A41F0018E860 /* Preview Assets.xcassets in Resources */,
				AE2166D82B48A41F0018E860 /* Assets.xcassets in Resources */,
			);
			runOnlyForDeploymentPostprocessing = 0;
		};
/* End PBXResourcesBuildPhase section */

/* Begin PBXSourcesBuildPhase section */
		AE2166CA2B48A41D0018E860 /* Sources */ = {
			isa = PBXSourcesBuildPhase;
			buildActionMask = 2147483647;
			files = (
				AE562FE52B7720FA00EB9D3B /* TranslationLayersView.swift in Sources */,
				AEDB62412B59BD0800E2DFD7 /* SettingsView.swift in Sources */,
				AE2167002B48C43C0018E860 /* LoungeView.swift in Sources */,
				AEB2732F2B66A40B00B680EB /* Game.swift in Sources */,
				AE2166D42B48A41D0018E860 /* ContentView.swift in Sources */,
				AE2167022B48C4910018E860 /* CommonFunctions.swift in Sources */,
				AEB3FEE22B686D4E00BAD2FB /* GameCard.swift in Sources */,
				AE9830BC2B65FE30004DDF53 /* LibraryView.swift in Sources */,
				AE2166D22B48A41D0018E860 /* Game_LoungeApp.swift in Sources */,
			);
			runOnlyForDeploymentPostprocessing = 0;
		};
/* End PBXSourcesBuildPhase section */

/* Begin XCBuildConfiguration section */
		AE2166F32B48A41F0018E860 /* Debug */ = {
			isa = XCBuildConfiguration;
			buildSettings = {
				ALWAYS_SEARCH_USER_PATHS = NO;
				ASSETCATALOG_COMPILER_GENERATE_SWIFT_ASSET_SYMBOL_EXTENSIONS = YES;
				CLANG_ANALYZER_NONNULL = YES;
				CLANG_ANALYZER_NUMBER_OBJECT_CONVERSION = YES_AGGRESSIVE;
				CLANG_CXX_LANGUAGE_STANDARD = "gnu++20";
				CLANG_ENABLE_MODULES = YES;
				CLANG_ENABLE_OBJC_ARC = YES;
				CLANG_ENABLE_OBJC_WEAK = YES;
				CLANG_WARN_BLOCK_CAPTURE_AUTORELEASING = YES;
				CLANG_WARN_BOOL_CONVERSION = YES;
				CLANG_WARN_COMMA = YES;
				CLANG_WARN_CONSTANT_CONVERSION = YES;
				CLANG_WARN_DEPRECATED_OBJC_IMPLEMENTATIONS = YES;
				CLANG_WARN_DIRECT_OBJC_ISA_USAGE = YES_ERROR;
				CLANG_WARN_DOCUMENTATION_COMMENTS = YES;
				CLANG_WARN_EMPTY_BODY = YES;
				CLANG_WARN_ENUM_CONVERSION = YES;
				CLANG_WARN_INFINITE_RECURSION = YES;
				CLANG_WARN_INT_CONVERSION = YES;
				CLANG_WARN_NON_LITERAL_NULL_CONVERSION = YES;
				CLANG_WARN_OBJC_IMPLICIT_RETAIN_SELF = YES;
				CLANG_WARN_OBJC_LITERAL_CONVERSION = YES;
				CLANG_WARN_OBJC_ROOT_CLASS = YES_ERROR;
				CLANG_WARN_QUOTED_INCLUDE_IN_FRAMEWORK_HEADER = YES;
				CLANG_WARN_RANGE_LOOP_ANALYSIS = YES;
				CLANG_WARN_STRICT_PROTOTYPES = YES;
				CLANG_WARN_SUSPICIOUS_MOVE = YES;
				CLANG_WARN_UNGUARDED_AVAILABILITY = YES_AGGRESSIVE;
				CLANG_WARN_UNREACHABLE_CODE = YES;
				CLANG_WARN__DUPLICATE_METHOD_MATCH = YES;
				COPY_PHASE_STRIP = NO;
				DEAD_CODE_STRIPPING = YES;
				DEBUG_INFORMATION_FORMAT = dwarf;
				ENABLE_STRICT_OBJC_MSGSEND = YES;
				ENABLE_TESTABILITY = YES;
				ENABLE_USER_SCRIPT_SANDBOXING = YES;
				GCC_C_LANGUAGE_STANDARD = gnu17;
				GCC_DYNAMIC_NO_PIC = NO;
				GCC_NO_COMMON_BLOCKS = YES;
				GCC_OPTIMIZATION_LEVEL = 0;
				GCC_PREPROCESSOR_DEFINITIONS = (
					"DEBUG=1",
					"$(inherited)",
				);
				GCC_WARN_64_TO_32_BIT_CONVERSION = YES;
				GCC_WARN_ABOUT_RETURN_TYPE = YES_ERROR;
				GCC_WARN_UNDECLARED_SELECTOR = YES;
				GCC_WARN_UNINITIALIZED_AUTOS = YES_AGGRESSIVE;
				GCC_WARN_UNUSED_FUNCTION = YES;
				GCC_WARN_UNUSED_VARIABLE = YES;
				LOCALIZATION_PREFERS_STRING_CATALOGS = YES;
				MACOSX_DEPLOYMENT_TARGET = 14.2;
				MTL_ENABLE_DEBUG_INFO = INCLUDE_SOURCE;
				MTL_FAST_MATH = YES;
				ONLY_ACTIVE_ARCH = YES;
				SDKROOT = macosx;
				SWIFT_ACTIVE_COMPILATION_CONDITIONS = "DEBUG $(inherited)";
				SWIFT_OPTIMIZATION_LEVEL = "-Onone";
			};
			name = Debug;
		};
		AE2166F42B48A41F0018E860 /* Release */ = {
			isa = XCBuildConfiguration;
			buildSettings = {
				ALWAYS_SEARCH_USER_PATHS = NO;
				ASSETCATALOG_COMPILER_GENERATE_SWIFT_ASSET_SYMBOL_EXTENSIONS = YES;
				CLANG_ANALYZER_NONNULL = YES;
				CLANG_ANALYZER_NUMBER_OBJECT_CONVERSION = YES_AGGRESSIVE;
				CLANG_CXX_LANGUAGE_STANDARD = "gnu++20";
				CLANG_ENABLE_MODULES = YES;
				CLANG_ENABLE_OBJC_ARC = YES;
				CLANG_ENABLE_OBJC_WEAK = YES;
				CLANG_WARN_BLOCK_CAPTURE_AUTORELEASING = YES;
				CLANG_WARN_BOOL_CONVERSION = YES;
				CLANG_WARN_COMMA = YES;
				CLANG_WARN_CONSTANT_CONVERSION = YES;
				CLANG_WARN_DEPRECATED_OBJC_IMPLEMENTATIONS = YES;
				CLANG_WARN_DIRECT_OBJC_ISA_USAGE = YES_ERROR;
				CLANG_WARN_DOCUMENTATION_COMMENTS = YES;
				CLANG_WARN_EMPTY_BODY = YES;
				CLANG_WARN_ENUM_CONVERSION = YES;
				CLANG_WARN_INFINITE_RECURSION = YES;
				CLANG_WARN_INT_CONVERSION = YES;
				CLANG_WARN_NON_LITERAL_NULL_CONVERSION = YES;
				CLANG_WARN_OBJC_IMPLICIT_RETAIN_SELF = YES;
				CLANG_WARN_OBJC_LITERAL_CONVERSION = YES;
				CLANG_WARN_OBJC_ROOT_CLASS = YES_ERROR;
				CLANG_WARN_QUOTED_INCLUDE_IN_FRAMEWORK_HEADER = YES;
				CLANG_WARN_RANGE_LOOP_ANALYSIS = YES;
				CLANG_WARN_STRICT_PROTOTYPES = YES;
				CLANG_WARN_SUSPICIOUS_MOVE = YES;
				CLANG_WARN_UNGUARDED_AVAILABILITY = YES_AGGRESSIVE;
				CLANG_WARN_UNREACHABLE_CODE = YES;
				CLANG_WARN__DUPLICATE_METHOD_MATCH = YES;
				COPY_PHASE_STRIP = NO;
				DEAD_CODE_STRIPPING = YES;
				DEBUG_INFORMATION_FORMAT = "dwarf-with-dsym";
				ENABLE_NS_ASSERTIONS = NO;
				ENABLE_STRICT_OBJC_MSGSEND = YES;
				ENABLE_USER_SCRIPT_SANDBOXING = YES;
				GCC_C_LANGUAGE_STANDARD = gnu17;
				GCC_NO_COMMON_BLOCKS = YES;
				GCC_WARN_64_TO_32_BIT_CONVERSION = YES;
				GCC_WARN_ABOUT_RETURN_TYPE = YES_ERROR;
				GCC_WARN_UNDECLARED_SELECTOR = YES;
				GCC_WARN_UNINITIALIZED_AUTOS = YES_AGGRESSIVE;
				GCC_WARN_UNUSED_FUNCTION = YES;
				GCC_WARN_UNUSED_VARIABLE = YES;
				LOCALIZATION_PREFERS_STRING_CATALOGS = YES;
				MACOSX_DEPLOYMENT_TARGET = 14.2;
				MTL_ENABLE_DEBUG_INFO = NO;
				MTL_FAST_MATH = YES;
				SDKROOT = macosx;
				SWIFT_COMPILATION_MODE = wholemodule;
			};
			name = Release;
		};
		AE2166F62B48A41F0018E860 /* Debug */ = {
			isa = XCBuildConfiguration;
			buildSettings = {
				ASSETCATALOG_COMPILER_APPICON_NAME = AppIcon;
				ASSETCATALOG_COMPILER_GLOBAL_ACCENT_COLOR_NAME = AccentColor;
				CODE_SIGN_ENTITLEMENTS = "Game Lounge/Game_Lounge.entitlements";
				CODE_SIGN_IDENTITY = "Apple Development";
				CODE_SIGN_STYLE = Automatic;
				COMBINE_HIDPI_IMAGES = YES;
				CURRENT_PROJECT_VERSION = 1;
				DEAD_CODE_STRIPPING = YES;
				DEVELOPMENT_ASSET_PATHS = "\"Game Lounge/Preview Content\"";
				DEVELOPMENT_TEAM = 5VSGRBC7ZH;
				ENABLE_PREVIEWS = YES;
				GENERATE_INFOPLIST_FILE = YES;
				INFOPLIST_KEY_CFBundleDisplayName = "Game Lounge";
				INFOPLIST_KEY_LSApplicationCategoryType = "public.app-category.games";
				INFOPLIST_KEY_NSHumanReadableCopyright = "";
				LD_RUNPATH_SEARCH_PATHS = (
					"$(inherited)",
					"@executable_path/../Frameworks",
				);
				MACOSX_DEPLOYMENT_TARGET = 14.0;
				MARKETING_VERSION = "1.0 Beta 1";
				PRODUCT_BUNDLE_IDENTIFIER = "io.github.wannafedor4.Game-Lounge";
				PRODUCT_NAME = "$(TARGET_NAME)";
				PROVISIONING_PROFILE_SPECIFIER = "";
				SWIFT_EMIT_LOC_STRINGS = YES;
				SWIFT_VERSION = 5.0;
			};
			name = Debug;
		};
		AE2166F72B48A41F0018E860 /* Release */ = {
			isa = XCBuildConfiguration;
			buildSettings = {
				ASSETCATALOG_COMPILER_APPICON_NAME = AppIcon;
				ASSETCATALOG_COMPILER_GLOBAL_ACCENT_COLOR_NAME = AccentColor;
				CODE_SIGN_ENTITLEMENTS = "Game Lounge/Game_Lounge.entitlements";
				CODE_SIGN_IDENTITY = "Apple Development";
				CODE_SIGN_STYLE = Automatic;
				COMBINE_HIDPI_IMAGES = YES;
				CURRENT_PROJECT_VERSION = 1;
				DEAD_CODE_STRIPPING = YES;
				DEVELOPMENT_ASSET_PATHS = "\"Game Lounge/Preview Content\"";
				DEVELOPMENT_TEAM = 5VSGRBC7ZH;
				ENABLE_PREVIEWS = YES;
				GENERATE_INFOPLIST_FILE = YES;
				INFOPLIST_KEY_CFBundleDisplayName = "Game Lounge";
				INFOPLIST_KEY_LSApplicationCategoryType = "public.app-category.games";
				INFOPLIST_KEY_NSHumanReadableCopyright = "";
				LD_RUNPATH_SEARCH_PATHS = (
					"$(inherited)",
					"@executable_path/../Frameworks",
				);
				MACOSX_DEPLOYMENT_TARGET = 14.0;
				MARKETING_VERSION = "1.0 Beta 1";
				PRODUCT_BUNDLE_IDENTIFIER = "io.github.wannafedor4.Game-Lounge";
				PRODUCT_NAME = "$(TARGET_NAME)";
				PROVISIONING_PROFILE_SPECIFIER = "";
				SWIFT_EMIT_LOC_STRINGS = YES;
				SWIFT_VERSION = 5.0;
			};
			name = Release;
		};
/* End XCBuildConfiguration section */

/* Begin XCConfigurationList section */
		AE2166C92B48A41D0018E860 /* Build configuration list for PBXProject "Game Lounge" */ = {
			isa = XCConfigurationList;
			buildConfigurations = (
				AE2166F32B48A41F0018E860 /* Debug */,
				AE2166F42B48A41F0018E860 /* Release */,
			);
			defaultConfigurationIsVisible = 0;
			defaultConfigurationName = Release;
		};
		AE2166F52B48A41F0018E860 /* Build configuration list for PBXNativeTarget "Game Lounge" */ = {
			isa = XCConfigurationList;
			buildConfigurations = (
				AE2166F62B48A41F0018E860 /* Debug */,
				AE2166F72B48A41F0018E860 /* Release */,
			);
			defaultConfigurationIsVisible = 0;
			defaultConfigurationName = Release;
		};
/* End XCConfigurationList section */
	};
	rootObject = AE2166C62B48A41D0018E860 /* Project object */;
}
